
Microsoft Visual Studio Solution File, Format Version 12.00
# Visual Studio 15
VisualStudioVersion = 15.0.28307.779
MinimumVisualStudioVersion = 10.0.40219.1
Project("{FAE04EC0-301F-11D3-BF4B-00C04F79EFBC}") = "Project_Chebishev_Visual", "Project_Chebishev_Visual\Project_Chebishev_Visual.csproj", "{8F86A65B-5CDC-4F60-8DEB-97B0759C5C0B}"
EndProject
Global
	GlobalSection(SolutionConfigurationPlatforms) = preSolution
		Debug|Any CPU = Debug|Any CPU
		Release|Any CPU = Release|Any CPU
	EndGlobalSection
	GlobalSection(ProjectConfigurationPlatforms) = postSolution
		{8F86A65B-5CDC-4F60-8DEB-97B0759C5C0B}.Debug|Any CPU.ActiveCfg = Debug|Any CPU
		{8F86A65B-5CDC-4F60-8DEB-97B0759C5C0B}.Debug|Any CPU.Build.0 = Debug|Any CPU
		{8F86A65B-5CDC-4F60-8DEB-97B0759C5C0B}.Release|Any CPU.ActiveCfg = Release|Any CPU
		{8F86A65B-5CDC-4F60-8DEB-97B0759C5C0B}.Release|Any CPU.Build.0 = Release|Any CPU
	EndGlobalSection
	GlobalSection(SolutionProperties) = preSolution
		HideSolutionNode = FALSE
	EndGlobalSection
	GlobalSection(ExtensibilityGlobals) = postSolution
		SolutionGuid = {A7E0543D-E6E9-4590-B3E9-444ACC0747BF}
	EndGlobalSection
EndGlobal
