
Microsoft Visual Studio Solution File, Format Version 12.00
# Visual Studio 15
VisualStudioVersion = 15.0.28307.779
MinimumVisualStudioVersion = 10.0.40219.1
Project("{FAE04EC0-301F-11D3-BF4B-00C04F79EFBC}") = "Project_Kulisa", "Project_Kulisa\Project_Kulisa.csproj", "{1D5CA9B2-7938-4480-B301-316D32D58AD9}"
EndProject
Global
	GlobalSection(SolutionConfigurationPlatforms) = preSolution
		Debug|Any CPU = Debug|Any CPU
		Release|Any CPU = Release|Any CPU
	EndGlobalSection
	GlobalSection(ProjectConfigurationPlatforms) = postSolution
		{1D5CA9B2-7938-4480-B301-316D32D58AD9}.Debug|Any CPU.ActiveCfg = Debug|Any CPU
		{1D5CA9B2-7938-4480-B301-316D32D58AD9}.Debug|Any CPU.Build.0 = Debug|Any CPU
		{1D5CA9B2-7938-4480-B301-316D32D58AD9}.Release|Any CPU.ActiveCfg = Release|Any CPU
		{1D5CA9B2-7938-4480-B301-316D32D58AD9}.Release|Any CPU.Build.0 = Release|Any CPU
	EndGlobalSection
	GlobalSection(SolutionProperties) = preSolution
		HideSolutionNode = FALSE
	EndGlobalSection
	GlobalSection(ExtensibilityGlobals) = postSolution
		SolutionGuid = {BBBE4491-C8FC-4ABD-BD29-59F47A02B844}
	EndGlobalSection
EndGlobal
